<?xml version="1.0" encoding="UTF-8" standalone="yes" ?>
<CodeBlocks_project_file>
	<FileVersion major="1" minor="6" />
	<Project>
		<Option title="Programa" />
		<Option pch_mode="2" />
		<Option compiler="gcc" />
		<Build>
			<Target title="Debug">
				<Option output="bin/Debug/Programa" prefix_auto="1" extension_auto="1" />
				<Option object_output="obj/Debug/" />
				<Option type="1" />
				<Option compiler="gcc" />
				<Compiler>
					<Add option="-g" />
				</Compiler>
			</Target>
			<Target title="Release">
				<Option output="bin/Release/Programa" prefix_auto="1" extension_auto="1" />
				<Option object_output="obj/Release/" />
				<Option type="1" />
				<Option compiler="gcc" />
				<Compiler>
					<Add option="-O2" />
				</Compiler>
				<Linker>
					<Add option="-s" />
				</Linker>
			</Target>
		</Build>
		<Compiler>
			<Add option="-Wall" />
			<Add option="-fexceptions" />
		</Compiler>
		<Unit filename="claseAutor.h" />
		<Unit filename="claseBiblioteca.h" />
		<Unit filename="claseFecha.h" />
		<Unit filename="claseGenero.h" />
		<Unit filename="claseLibro.h" />
		<Unit filename="claseLibroPorBiblioteca.h" />
		<Unit filename="clasePrestado.h" />
		<Unit filename="claseUsuario.h" />
		<Unit filename="funcionesAutores.h" />
		<Unit filename="funcionesBibliotecas.h" />
		<Unit filename="funcionesBibliotecas2.h" />
		<Unit filename="funcionesConfiguracion.h" />
		<Unit filename="funcionesGeneros.h" />
		<Unit filename="funcionesMisLibros.h" />
		<Unit filename="funcionesReportes.h" />
		<Unit filename="main.cpp" />
		<Unit filename="menues.h" />
		<Unit filename="otrasFunciones.h" />
		<Unit filename="sistemaAutores.h" />
		<Unit filename="sistemaBibliotecas.h" />
		<Unit filename="sistemaConfiguracion.h" />
		<Unit filename="sistemaGeneros.h" />
		<Unit filename="sistemaMisLibros.h" />
		<Unit filename="sistemaReportes.h" />
		<Unit filename="validaciones.h" />
		<Extensions>
			<code_completion />
			<envvars />
			<debugger />
			<lib_finder disable_auto="1" />
		</Extensions>
	</Project>
</CodeBlocks_project_file>
